{
  "name": "bitmoro",
  "version": "1.0.3",
  "lockfileVersion": 3,
  "requires": true,
  "packages": {
    "": {
      "name": "bitmoro",
      "version": "1.0.3",
      "license": "ISC",
      "dependencies": {
        "bitmoro": "^1.0.3"
      }
    },
    "node_modules/bitmoro": {
      "version": "1.0.3",
      "resolved": "https://registry.npmjs.org/bitmoro/-/bitmoro-1.0.3.tgz",
      "integrity": "sha512-rm/ROKAYVKwHPxFn4ieJUD3PicJUVLBO6WVna24aG3YJdZxfkawuZSFeRpG7yDAUT9bW0TmJ5A8x1ykRR+8Guw=="
    }
  }
}
